// !$*UTF8*$!
{
	archiveVersion = 1;
	classes = {
	};
	objectVersion = 46;
	objects = {

/* Begin PBXBuildFile section */
		04794FAC1D60224B003A6770 /* main.m in Sources */ = {isa = PBXBuildFile; fileRef = 04794FAB1D60224B003A6770 /* main.m */; };
		04794FAF1D60224B003A6770 /* AppDelegate.m in Sources */ = {isa = PBXBuildFile; fileRef = 04794FAE1D60224B003A6770 /* AppDelegate.m */; };
		04794FB21D60224B003A6770 /* ViewController.m in Sources */ = {isa = PBXBuildFile; fileRef = 04794FB11D60224B003A6770 /* ViewController.m */; };
		04794FB51D60224B003A6770 /* Main.storyboard in Resources */ = {isa = PBXBuildFile; fileRef = 04794FB31D60224B003A6770 /* Main.storyboard */; };
		04794FB71D60224B003A6770 /* Assets.xcassets in Resources */ = {isa = PBXBuildFile; fileRef = 04794FB61D60224B003A6770 /* Assets.xcassets */; };
		04794FBA1D60224B003A6770 /* LaunchScreen.storyboard in Resources */ = {isa = PBXBuildFile; fileRef = 04794FB81D60224B003A6770 /* LaunchScreen.storyboard */; };
		04794FC41D602741003A6770 /* GooeySlideMenu.m in Sources */ = {isa = PBXBuildFile; fileRef = 04794FC31D602741003A6770 /* GooeySlideMenu.m */; };
		04794FC71D602783003A6770 /* SlideMenuButton.m in Sources */ = {isa = PBXBuildFile; fileRef = 04794FC61D602783003A6770 /* SlideMenuButton.m */; };
/* End PBXBuildFile section */

/* Begin PBXFileReference section */
		04794FA71D60224B003A6770 /* JKGooeySlideMenuDemo.app */ = {isa = PBXFileReference; explicitFileType = wrapper.application; includeInIndex = 0; path = JKGooeySlideMenuDemo.app; sourceTree = BUILT_PRODUCTS_DIR; };
		04794FAB1D60224B003A6770 /* main.m */ = {isa = PBXFileReference; lastKnownFileType = sourcecode.c.objc; path = main.m; sourceTree = "<group>"; };
		04794FAD1D60224B003A6770 /* AppDelegate.h */ = {isa = PBXFileReference; lastKnownFileType = sourcecode.c.h; path = AppDelegate.h; sourceTree = "<group>"; };
		04794FAE1D60224B003A6770 /* AppDelegate.m */ = {isa = PBXFileReference; lastKnownFileType = sourcecode.c.objc; path = AppDelegate.m; sourceTree = "<group>"; };
		04794FB01D60224B003A6770 /* ViewController.h */ = {isa = PBXFileReference; lastKnownFileType = sourcecode.c.h; path = ViewController.h; sourceTree = "<group>"; };
		04794FB11D60224B003A6770 /* ViewController.m */ = {isa = PBXFileReference; lastKnownFileType = sourcecode.c.objc; path = ViewController.m; sourceTree = "<group>"; };
		04794FB41D60224B003A6770 /* Base */ = {isa = PBXFileReference; lastKnownFileType = file.storyboard; name = Base; path = Base.lproj/Main.storyboard; sourceTree = "<group>"; };
		04794FB61D60224B003A6770 /* Assets.xcassets */ = {isa = PBXFileReference; lastKnownFileType = folder.assetcatalog; path = Assets.xcassets; sourceTree = "<group>"; };
		04794FB91D60224B003A6770 /* Base */ = {isa = PBXFileReference; lastKnownFileType = file.storyboard; name = Base; path = Base.lproj/LaunchScreen.storyboard; sourceTree = "<group>"; };
		04794FBB1D60224B003A6770 /* Info.plist */ = {isa = PBXFileReference; lastKnownFileType = text.plist.xml; path = Info.plist; sourceTree = "<group>"; };
		04794FC21D602741003A6770 /* GooeySlideMenu.h */ = {isa = PBXFileReference; fileEncoding = 4; lastKnownFileType = sourcecode.c.h; path = GooeySlideMenu.h; sourceTree = "<group>"; };
		04794FC31D602741003A6770 /* GooeySlideMenu.m */ = {isa = PBXFileReference; fileEncoding = 4; lastKnownFileType = sourcecode.c.objc; path = GooeySlideMenu.m; sourceTree = "<group>"; };
		04794FC51D602783003A6770 /* SlideMenuButton.h */ = {isa = PBXFileReference; fileEncoding = 4; lastKnownFileType = sourcecode.c.h; path = SlideMenuButton.h; sourceTree = "<group>"; };
		04794FC61D602783003A6770 /* SlideMenuButton.m */ = {isa = PBXFileReference; fileEncoding = 4; lastKnownFileType = sourcecode.c.objc; path = SlideMenuButton.m; sourceTree = "<group>"; };
/* End PBXFileReference section */

/* Begin PBXFrameworksBuildPhase section */
		04794FA41D60224B003A6770 /* Frameworks */ = {
			isa = PBXFrameworksBuildPhase;
			buildActionMask = 2147483647;
			files = (
			);
			runOnlyForDeploymentPostprocessing = 0;
		};
/* End PBXFrameworksBuildPhase section */

/* Begin PBXGroup section */
		04794F9E1D60224B003A6770 = {
			isa = PBXGroup;
			children = (
				04794FA91D60224B003A6770 /* JKGooeySlideMenuDemo */,
				04794FA81D60224B003A6770 /* Products */,
			);
			sourceTree = "<group>";
		};
		04794FA81D60224B003A6770 /* Products */ = {
			isa = PBXGroup;
			children = (
				04794FA71D60224B003A6770 /* JKGooeySlideMenuDemo.app */,
			);
			name = Products;
			sourceTree = "<group>";
		};
		04794FA91D60224B003A6770 /* JKGooeySlideMenuDemo */ = {
			isa = PBXGroup;
			children = (
				04794FC11D60270E003A6770 /* Classes */,
				04794FAD1D60224B003A6770 /* AppDelegate.h */,
				04794FAE1D60224B003A6770 /* AppDelegate.m */,
				04794FB01D60224B003A6770 /* ViewController.h */,
				04794FB11D60224B003A6770 /* ViewController.m */,
				04794FB31D60224B003A6770 /* Main.storyboard */,
				04794FB61D60224B003A6770 /* Assets.xcassets */,
				04794FB81D60224B003A6770 /* LaunchScreen.storyboard */,
				04794FBB1D60224B003A6770 /* Info.plist */,
				04794FAA1D60224B003A6770 /* Supporting Files */,
			);
			path = JKGooeySlideMenuDemo;
			sourceTree = "<group>";
		};
		04794FAA1D60224B003A6770 /* Supporting Files */ = {
			isa = PBXGroup;
			children = (
				04794FAB1D60224B003A6770 /* main.m */,
			);
			name = "Supporting Files";
			sourceTree = "<group>";
		};
		04794FC11D60270E003A6770 /* Classes */ = {
			isa = PBXGroup;
			children = (
				04794FC21D602741003A6770 /* GooeySlideMenu.h */,
				04794FC31D602741003A6770 /* GooeySlideMenu.m */,
				04794FC51D602783003A6770 /* SlideMenuButton.h */,
				04794FC61D602783003A6770 /* SlideMenuButton.m */,
			);
			name = Classes;
			sourceTree = "<group>";
		};
/* End PBXGroup section */

/* Begin PBXNativeTarget section */
		04794FA61D60224B003A6770 /* JKGooeySlideMenuDemo */ = {
			isa = PBXNativeTarget;
			buildConfigurationList = 04794FBE1D60224B003A6770 /* Build configuration list for PBXNativeTarget "JKGooeySlideMenuDemo" */;
			buildPhases = (
				04794FA31D60224B003A6770 /* Sources */,
				04794FA41D60224B003A6770 /* Frameworks */,
				04794FA51D60224B003A6770 /* Resources */,
			);
			buildRules = (
			);
			dependencies = (
			);
			name = JKGooeySlideMenuDemo;
			productName = JKGooeySlideMenuDemo;
			productReference = 04794FA71D60224B003A6770 /* JKGooeySlideMenuDemo.app */;
			productType = "com.apple.product-type.application";
		};
/* End PBXNativeTarget section */

/* Begin PBXProject section */
		04794F9F1D60224B003A6770 /* Project object */ = {
			isa = PBXProject;
			attributes = {
				LastUpgradeCheck = 0730;
				ORGANIZATIONNAME = Jack;
				TargetAttributes = {
					04794FA61D60224B003A6770 = {
						CreatedOnToolsVersion = 7.3.1;
					};
				};
			};
			buildConfigurationList = 04794FA21D60224B003A6770 /* Build configuration list for PBXProject "JKGooeySlideMenuDemo" */;
			compatibilityVersion = "Xcode 3.2";
			developmentRegion = English;
			hasScannedForEncodings = 0;
			knownRegions = (
				en,
				Base,
			);
			mainGroup = 04794F9E1D60224B003A6770;
			productRefGroup = 04794FA81D60224B003A6770 /* Products */;
			projectDirPath = "";
			projectRoot = "";
			targets = (
				04794FA61D60224B003A6770 /* JKGooeySlideMenuDemo */,
			);
		};
/* End PBXProject section */

/* Begin PBXResourcesBuildPhase section */
		04794FA51D60224B003A6770 /* Resources */ = {
			isa = PBXResourcesBuildPhase;
			buildActionMask = 2147483647;
			files = (
				04794FBA1D60224B003A6770 /* LaunchScreen.storyboard in Resources */,
				04794FB71D60224B003A6770 /* Assets.xcassets in Resources */,
				04794FB51D60224B003A6770 /* Main.storyboard in Resources */,
			);
			runOnlyForDeploymentPostprocessing = 0;
		};
/* End PBXResourcesBuildPhase section */

/* Begin PBXSourcesBuildPhase section */
		04794FA31D60224B003A6770 /* Sources */ = {
			isa = PBXSourcesBuildPhase;
			buildActionMask = 2147483647;
			files = (
				04794FC71D602783003A6770 /* SlideMenuButton.m in Sources */,
				04794FC41D602741003A6770 /* GooeySlideMenu.m in Sources */,
				04794FB21D60224B003A6770 /* ViewController.m in Sources */,
				04794FAF1D60224B003A6770 /* AppDelegate.m in Sources */,
				04794FAC1D60224B003A6770 /* main.m in Sources */,
			);
			runOnlyForDeploymentPostprocessing = 0;
		};
/* End PBXSourcesBuildPhase section */

/* Begin PBXVariantGroup section */
		04794FB31D60224B003A6770 /* Main.storyboard */ = {
			isa = PBXVariantGroup;
			children = (
				04794FB41D60224B003A6770 /* Base */,
			);
			name = Main.storyboard;
			sourceTree = "<group>";
		};
		04794FB81D60224B003A6770 /* LaunchScreen.storyboard */ = {
			isa = PBXVariantGroup;
			children = (
				04794FB91D60224B003A6770 /* Base */,
			);
			name = LaunchScreen.storyboard;
			sourceTree = "<group>";
		};
/* End PBXVariantGroup section */

/* Begin XCBuildConfiguration section */
		04794FBC1D60224B003A6770 /* Debug */ = {
			isa = XCBuildConfiguration;
			buildSettings = {
				ALWAYS_SEARCH_USER_PATHS = NO;
				CLANG_ANALYZER_NONNULL = YES;
				CLANG_CXX_LANGUAGE_STANDARD = "gnu++0x";
				CLANG_CXX_LIBRARY = "libc++";
				CLANG_ENABLE_MODULES = YES;
				CLANG_ENABLE_OBJC_ARC = YES;
				CLANG_WARN_BOOL_CONVERSION = YES;
				CLANG_WARN_CONSTANT_CONVERSION = YES;
				CLANG_WARN_DIRECT_OBJC_ISA_USAGE = YES_ERROR;
				CLANG_WARN_EMPTY_BODY = YES;
				CLANG_WARN_ENUM_CONVERSION = YES;
				CLANG_WARN_INT_CONVERSION = YES;
				CLANG_WARN_OBJC_ROOT_CLASS = YES_ERROR;
				CLANG_WARN_UNREACHABLE_CODE = YES;
				CLANG_WARN__DUPLICATE_METHOD_MATCH = YES;
				"CODE_SIGN_IDENTITY[sdk=iphoneos*]" = "iPhone Developer";
				COPY_PHASE_STRIP = NO;
				DEBUG_INFORMATION_FORMAT = dwarf;
				ENABLE_STRICT_OBJC_MSGSEND = YES;
				ENABLE_TESTABILITY = YES;
				GCC_C_LANGUAGE_STANDARD = gnu99;
				GCC_DYNAMIC_NO_PIC = NO;
				GCC_NO_COMMON_BLOCKS = YES;
				GCC_OPTIMIZATION_LEVEL = 0;
				GCC_PREPROCESSOR_DEFINITIONS = (
					"DEBUG=1",
					"$(inherited)",
				);
				GCC_WARN_64_TO_32_BIT_CONVERSION = YES;
				GCC_WARN_ABOUT_RETURN_TYPE = YES_ERROR;
				GCC_WARN_UNDECLARED_SELECTOR = YES;
				GCC_WARN_UNINITIALIZED_AUTOS = YES_AGGRESSIVE;
				GCC_WARN_UNUSED_FUNCTION = YES;
				GCC_WARN_UNUSED_VARIABLE = YES;
				IPHONEOS_DEPLOYMENT_TARGET = 9.3;
				MTL_ENABLE_DEBUG_INFO = YES;
				ONLY_ACTIVE_ARCH = YES;
				SDKROOT = iphoneos;
			};
			name = Debug;
		};
		04794FBD1D60224B003A6770 /* Release */ = {
			isa = XCBuildConfiguration;
			buildSettings = {
				ALWAYS_SEARCH_USER_PATHS = NO;
				CLANG_ANALYZER_NONNULL = YES;
				CLANG_CXX_LANGUAGE_STANDARD = "gnu++0x";
				CLANG_CXX_LIBRARY = "libc++";
				CLANG_ENABLE_MODULES = YES;
				CLANG_ENABLE_OBJC_ARC = YES;
				CLANG_WARN_BOOL_CONVERSION = YES;
				CLANG_WARN_CONSTANT_CONVERSION = YES;
				CLANG_WARN_DIRECT_OBJC_ISA_USAGE = YES_ERROR;
				CLANG_WARN_EMPTY_BODY = YES;
				CLANG_WARN_ENUM_CONVERSION = YES;
				CLANG_WARN_INT_CONVERSION = YES;
				CLANG_WARN_OBJC_ROOT_CLASS = YES_ERROR;
				CLANG_WARN_UNREACHABLE_CODE = YES;
				CLANG_WARN__DUPLICATE_METHOD_MATCH = YES;
				"CODE_SIGN_IDENTITY[sdk=iphoneos*]" = "iPhone Developer";
				COPY_PHASE_STRIP = NO;
				DEBUG_INFORMATION_FORMAT = "dwarf-with-dsym";
				ENABLE_NS_ASSERTIONS = NO;
				ENABLE_STRICT_OBJC_MSGSEND = YES;
				GCC_C_LANGUAGE_STANDARD = gnu99;
				GCC_NO_COMMON_BLOCKS = YES;
				GCC_WARN_64_TO_32_BIT_CONVERSION = YES;
				GCC_WARN_ABOUT_RETURN_TYPE = YES_ERROR;
				GCC_WARN_UNDECLARED_SELECTOR = YES;
				GCC_WARN_UNINITIALIZED_AUTOS = YES_AGGRESSIVE;
				GCC_WARN_UNUSED_FUNCTION = YES;
				GCC_WARN_UNUSED_VARIABLE = YES;
				IPHONEOS_DEPLOYMENT_TARGET = 9.3;
				MTL_ENABLE_DEBUG_INFO = NO;
				SDKROOT = iphoneos;
				VALIDATE_PRODUCT = YES;
			};
			name = Release;
		};
		04794FBF1D60224B003A6770 /* Debug */ = {
			isa = XCBuildConfiguration;
			buildSettings = {
				ASSETCATALOG_COMPILER_APPICON_NAME = AppIcon;
				INFOPLIST_FILE = JKGooeySlideMenuDemo/Info.plist;
				LD_RUNPATH_SEARCH_PATHS = "$(inherited) @executable_path/Frameworks";
				PRODUCT_BUNDLE_IDENTIFIER = ST.JKGooeySlideMenuDemo;
				PRODUCT_NAME = "$(TARGET_NAME)";
			};
			name = Debug;
		};
		04794FC01D60224B003A6770 /* Release */ = {
			isa = XCBuildConfiguration;
			buildSettings = {
				ASSETCATALOG_COMPILER_APPICON_NAME = AppIcon;
				INFOPLIST_FILE = JKGooeySlideMenuDemo/Info.plist;
				LD_RUNPATH_SEARCH_PATHS = "$(inherited) @executable_path/Frameworks";
				PRODUCT_BUNDLE_IDENTIFIER = ST.JKGooeySlideMenuDemo;
				PRODUCT_NAME = "$(TARGET_NAME)";
			};
			name = Release;
		};
/* End XCBuildConfiguration section */

/* Begin XCConfigurationList section */
		04794FA21D60224B003A6770 /* Build configuration list for PBXProject "JKGooeySlideMenuDemo" */ = {
			isa = XCConfigurationList;
			buildConfigurations = (
				04794FBC1D60224B003A6770 /* Debug */,
				04794FBD1D60224B003A6770 /* Release */,
			);
			defaultConfigurationIsVisible = 0;
			defaultConfigurationName = Release;
		};
		04794FBE1D60224B003A6770 /* Build configuration list for PBXNativeTarget "JKGooeySlideMenuDemo" */ = {
			isa = XCConfigurationList;
			buildConfigurations = (
				04794FBF1D60224B003A6770 /* Debug */,
				04794FC01D60224B003A6770 /* Release */,
			);
			defaultConfigurationIsVisible = 0;
		};
/* End XCConfigurationList section */
	};
	rootObject = 04794F9F1D60224B003A6770 /* Project object */;
}
