// !$*UTF8*$!
{
	archiveVersion = 1;
	classes = {
	};
	objectVersion = 46;
	objects = {

/* Begin PBXBuildFile section */
		04794FD61D604F83003A6770 /* main.m in Sources */ = {isa = PBXBuildFile; fileRef = 04794FD51D604F83003A6770 /* main.m */; };
		04794FD91D604F83003A6770 /* AppDelegate.m in Sources */ = {isa = PBXBuildFile; fileRef = 04794FD81D604F83003A6770 /* AppDelegate.m */; };
		04794FDC1D604F83003A6770 /* ViewController.m in Sources */ = {isa = PBXBuildFile; fileRef = 04794FDB1D604F83003A6770 /* ViewController.m */; };
		04794FDF1D604F83003A6770 /* Main.storyboard in Resources */ = {isa = PBXBuildFile; fileRef = 04794FDD1D604F83003A6770 /* Main.storyboard */; };
		04794FE11D604F83003A6770 /* Assets.xcassets in Resources */ = {isa = PBXBuildFile; fileRef = 04794FE01D604F83003A6770 /* Assets.xcassets */; };
		04794FE41D604F83003A6770 /* LaunchScreen.storyboard in Resources */ = {isa = PBXBuildFile; fileRef = 04794FE21D604F83003A6770 /* LaunchScreen.storyboard */; };
		04794FEE1D604FA9003A6770 /* CuteView.m in Sources */ = {isa = PBXBuildFile; fileRef = 04794FED1D604FA9003A6770 /* CuteView.m */; };
/* End PBXBuildFile section */

/* Begin PBXFileReference section */
		04794FD11D604F83003A6770 /* CuteView.app */ = {isa = PBXFileReference; explicitFileType = wrapper.application; includeInIndex = 0; path = CuteView.app; sourceTree = BUILT_PRODUCTS_DIR; };
		04794FD51D604F83003A6770 /* main.m */ = {isa = PBXFileReference; lastKnownFileType = sourcecode.c.objc; path = main.m; sourceTree = "<group>"; };
		04794FD71D604F83003A6770 /* AppDelegate.h */ = {isa = PBXFileReference; lastKnownFileType = sourcecode.c.h; path = AppDelegate.h; sourceTree = "<group>"; };
		04794FD81D604F83003A6770 /* AppDelegate.m */ = {isa = PBXFileReference; lastKnownFileType = sourcecode.c.objc; path = AppDelegate.m; sourceTree = "<group>"; };
		04794FDA1D604F83003A6770 /* ViewController.h */ = {isa = PBXFileReference; lastKnownFileType = sourcecode.c.h; path = ViewController.h; sourceTree = "<group>"; };
		04794FDB1D604F83003A6770 /* ViewController.m */ = {isa = PBXFileReference; lastKnownFileType = sourcecode.c.objc; path = ViewController.m; sourceTree = "<group>"; };
		04794FDE1D604F83003A6770 /* Base */ = {isa = PBXFileReference; lastKnownFileType = file.storyboard; name = Base; path = Base.lproj/Main.storyboard; sourceTree = "<group>"; };
		04794FE01D604F83003A6770 /* Assets.xcassets */ = {isa = PBXFileReference; lastKnownFileType = folder.assetcatalog; path = Assets.xcassets; sourceTree = "<group>"; };
		04794FE31D604F83003A6770 /* Base */ = {isa = PBXFileReference; lastKnownFileType = file.storyboard; name = Base; path = Base.lproj/LaunchScreen.storyboard; sourceTree = "<group>"; };
		04794FE51D604F83003A6770 /* Info.plist */ = {isa = PBXFileReference; lastKnownFileType = text.plist.xml; path = Info.plist; sourceTree = "<group>"; };
		04794FEC1D604FA9003A6770 /* CuteView.h */ = {isa = PBXFileReference; fileEncoding = 4; lastKnownFileType = sourcecode.c.h; path = CuteView.h; sourceTree = "<group>"; };
		04794FED1D604FA9003A6770 /* CuteView.m */ = {isa = PBXFileReference; fileEncoding = 4; lastKnownFileType = sourcecode.c.objc; path = CuteView.m; sourceTree = "<group>"; };
/* End PBXFileReference section */

/* Begin PBXFrameworksBuildPhase section */
		04794FCE1D604F83003A6770 /* Frameworks */ = {
			isa = PBXFrameworksBuildPhase;
			buildActionMask = 2147483647;
			files = (
			);
			runOnlyForDeploymentPostprocessing = 0;
		};
/* End PBXFrameworksBuildPhase section */

/* Begin PBXGroup section */
		04794FC81D604F83003A6770 = {
			isa = PBXGroup;
			children = (
				04794FD31D604F83003A6770 /* CuteView */,
				04794FD21D604F83003A6770 /* Products */,
			);
			sourceTree = "<group>";
		};
		04794FD21D604F83003A6770 /* Products */ = {
			isa = PBXGroup;
			children = (
				04794FD11D604F83003A6770 /* CuteView.app */,
			);
			name = Products;
			sourceTree = "<group>";
		};
		04794FD31D604F83003A6770 /* CuteView */ = {
			isa = PBXGroup;
			children = (
				04794FEB1D604F8C003A6770 /* Classes */,
				04794FD71D604F83003A6770 /* AppDelegate.h */,
				04794FD81D604F83003A6770 /* AppDelegate.m */,
				04794FDA1D604F83003A6770 /* ViewController.h */,
				04794FDB1D604F83003A6770 /* ViewController.m */,
				04794FDD1D604F83003A6770 /* Main.storyboard */,
				04794FE01D604F83003A6770 /* Assets.xcassets */,
				04794FE21D604F83003A6770 /* LaunchScreen.storyboard */,
				04794FE51D604F83003A6770 /* Info.plist */,
				04794FD41D604F83003A6770 /* Supporting Files */,
			);
			path = CuteView;
			sourceTree = "<group>";
		};
		04794FD41D604F83003A6770 /* Supporting Files */ = {
			isa = PBXGroup;
			children = (
				04794FD51D604F83003A6770 /* main.m */,
			);
			name = "Supporting Files";
			sourceTree = "<group>";
		};
		04794FEB1D604F8C003A6770 /* Classes */ = {
			isa = PBXGroup;
			children = (
				04794FEC1D604FA9003A6770 /* CuteView.h */,
				04794FED1D604FA9003A6770 /* CuteView.m */,
			);
			name = Classes;
			sourceTree = "<group>";
		};
/* End PBXGroup section */

/* Begin PBXNativeTarget section */
		04794FD01D604F83003A6770 /* CuteView */ = {
			isa = PBXNativeTarget;
			buildConfigurationList = 04794FE81D604F83003A6770 /* Build configuration list for PBXNativeTarget "CuteView" */;
			buildPhases = (
				04794FCD1D604F83003A6770 /* Sources */,
				04794FCE1D604F83003A6770 /* Frameworks */,
				04794FCF1D604F83003A6770 /* Resources */,
			);
			buildRules = (
			);
			dependencies = (
			);
			name = CuteView;
			productName = CuteView;
			productReference = 04794FD11D604F83003A6770 /* CuteView.app */;
			productType = "com.apple.product-type.application";
		};
/* End PBXNativeTarget section */

/* Begin PBXProject section */
		04794FC91D604F83003A6770 /* Project object */ = {
			isa = PBXProject;
			attributes = {
				LastUpgradeCheck = 0730;
				ORGANIZATIONNAME = Jack;
				TargetAttributes = {
					04794FD01D604F83003A6770 = {
						CreatedOnToolsVersion = 7.3.1;
					};
				};
			};
			buildConfigurationList = 04794FCC1D604F83003A6770 /* Build configuration list for PBXProject "CuteView" */;
			compatibilityVersion = "Xcode 3.2";
			developmentRegion = English;
			hasScannedForEncodings = 0;
			knownRegions = (
				en,
				Base,
			);
			mainGroup = 04794FC81D604F83003A6770;
			productRefGroup = 04794FD21D604F83003A6770 /* Products */;
			projectDirPath = "";
			projectRoot = "";
			targets = (
				04794FD01D604F83003A6770 /* CuteView */,
			);
		};
/* End PBXProject section */

/* Begin PBXResourcesBuildPhase section */
		04794FCF1D604F83003A6770 /* Resources */ = {
			isa = PBXResourcesBuildPhase;
			buildActionMask = 2147483647;
			files = (
				04794FE41D604F83003A6770 /* LaunchScreen.storyboard in Resources */,
				04794FE11D604F83003A6770 /* Assets.xcassets in Resources */,
				04794FDF1D604F83003A6770 /* Main.storyboard in Resources */,
			);
			runOnlyForDeploymentPostprocessing = 0;
		};
/* End PBXResourcesBuildPhase section */

/* Begin PBXSourcesBuildPhase section */
		04794FCD1D604F83003A6770 /* Sources */ = {
			isa = PBXSourcesBuildPhase;
			buildActionMask = 2147483647;
			files = (
				04794FDC1D604F83003A6770 /* ViewController.m in Sources */,
				04794FEE1D604FA9003A6770 /* CuteView.m in Sources */,
				04794FD91D604F83003A6770 /* AppDelegate.m in Sources */,
				04794FD61D604F83003A6770 /* main.m in Sources */,
			);
			runOnlyForDeploymentPostprocessing = 0;
		};
/* End PBXSourcesBuildPhase section */

/* Begin PBXVariantGroup section */
		04794FDD1D604F83003A6770 /* Main.storyboard */ = {
			isa = PBXVariantGroup;
			children = (
				04794FDE1D604F83003A6770 /* Base */,
			);
			name = Main.storyboard;
			sourceTree = "<group>";
		};
		04794FE21D604F83003A6770 /* LaunchScreen.storyboard */ = {
			isa = PBXVariantGroup;
			children = (
				04794FE31D604F83003A6770 /* Base */,
			);
			name = LaunchScreen.storyboard;
			sourceTree = "<group>";
		};
/* End PBXVariantGroup section */

/* Begin XCBuildConfiguration section */
		04794FE61D604F83003A6770 /* Debug */ = {
			isa = XCBuildConfiguration;
			buildSettings = {
				ALWAYS_SEARCH_USER_PATHS = NO;
				CLANG_ANALYZER_NONNULL = YES;
				CLANG_CXX_LANGUAGE_STANDARD = "gnu++0x";
				CLANG_CXX_LIBRARY = "libc++";
				CLANG_ENABLE_MODULES = YES;
				CLANG_ENABLE_OBJC_ARC = YES;
				CLANG_WARN_BOOL_CONVERSION = YES;
				CLANG_WARN_CONSTANT_CONVERSION = YES;
				CLANG_WARN_DIRECT_OBJC_ISA_USAGE = YES_ERROR;
				CLANG_WARN_EMPTY_BODY = YES;
				CLANG_WARN_ENUM_CONVERSION = YES;
				CLANG_WARN_INT_CONVERSION = YES;
				CLANG_WARN_OBJC_ROOT_CLASS = YES_ERROR;
				CLANG_WARN_UNREACHABLE_CODE = YES;
				CLANG_WARN__DUPLICATE_METHOD_MATCH = YES;
				"CODE_SIGN_IDENTITY[sdk=iphoneos*]" = "iPhone Developer";
				COPY_PHASE_STRIP = NO;
				DEBUG_INFORMATION_FORMAT = dwarf;
				ENABLE_STRICT_OBJC_MSGSEND = YES;
				ENABLE_TESTABILITY = YES;
				GCC_C_LANGUAGE_STANDARD = gnu99;
				GCC_DYNAMIC_NO_PIC = NO;
				GCC_NO_COMMON_BLOCKS = YES;
				GCC_OPTIMIZATION_LEVEL = 0;
				GCC_PREPROCESSOR_DEFINITIONS = (
					"DEBUG=1",
					"$(inherited)",
				);
				GCC_WARN_64_TO_32_BIT_CONVERSION = YES;
				GCC_WARN_ABOUT_RETURN_TYPE = YES_ERROR;
				GCC_WARN_UNDECLARED_SELECTOR = YES;
				GCC_WARN_UNINITIALIZED_AUTOS = YES_AGGRESSIVE;
				GCC_WARN_UNUSED_FUNCTION = YES;
				GCC_WARN_UNUSED_VARIABLE = YES;
				IPHONEOS_DEPLOYMENT_TARGET = 9.3;
				MTL_ENABLE_DEBUG_INFO = YES;
				ONLY_ACTIVE_ARCH = YES;
				SDKROOT = iphoneos;
			};
			name = Debug;
		};
		04794FE71D604F83003A6770 /* Release */ = {
			isa = XCBuildConfiguration;
			buildSettings = {
				ALWAYS_SEARCH_USER_PATHS = NO;
				CLANG_ANALYZER_NONNULL = YES;
				CLANG_CXX_LANGUAGE_STANDARD = "gnu++0x";
				CLANG_CXX_LIBRARY = "libc++";
				CLANG_ENABLE_MODULES = YES;
				CLANG_ENABLE_OBJC_ARC = YES;
				CLANG_WARN_BOOL_CONVERSION = YES;
				CLANG_WARN_CONSTANT_CONVERSION = YES;
				CLANG_WARN_DIRECT_OBJC_ISA_USAGE = YES_ERROR;
				CLANG_WARN_EMPTY_BODY = YES;
				CLANG_WARN_ENUM_CONVERSION = YES;
				CLANG_WARN_INT_CONVERSION = YES;
				CLANG_WARN_OBJC_ROOT_CLASS = YES_ERROR;
				CLANG_WARN_UNREACHABLE_CODE = YES;
				CLANG_WARN__DUPLICATE_METHOD_MATCH = YES;
				"CODE_SIGN_IDENTITY[sdk=iphoneos*]" = "iPhone Developer";
				COPY_PHASE_STRIP = NO;
				DEBUG_INFORMATION_FORMAT = "dwarf-with-dsym";
				ENABLE_NS_ASSERTIONS = NO;
				ENABLE_STRICT_OBJC_MSGSEND = YES;
				GCC_C_LANGUAGE_STANDARD = gnu99;
				GCC_NO_COMMON_BLOCKS = YES;
				GCC_WARN_64_TO_32_BIT_CONVERSION = YES;
				GCC_WARN_ABOUT_RETURN_TYPE = YES_ERROR;
				GCC_WARN_UNDECLARED_SELECTOR = YES;
				GCC_WARN_UNINITIALIZED_AUTOS = YES_AGGRESSIVE;
				GCC_WARN_UNUSED_FUNCTION = YES;
				GCC_WARN_UNUSED_VARIABLE = YES;
				IPHONEOS_DEPLOYMENT_TARGET = 9.3;
				MTL_ENABLE_DEBUG_INFO = NO;
				SDKROOT = iphoneos;
				VALIDATE_PRODUCT = YES;
			};
			name = Release;
		};
		04794FE91D604F83003A6770 /* Debug */ = {
			isa = XCBuildConfiguration;
			buildSettings = {
				ASSETCATALOG_COMPILER_APPICON_NAME = AppIcon;
				INFOPLIST_FILE = CuteView/Info.plist;
				LD_RUNPATH_SEARCH_PATHS = "$(inherited) @executable_path/Frameworks";
				PRODUCT_BUNDLE_IDENTIFIER = ST.CuteView;
				PRODUCT_NAME = "$(TARGET_NAME)";
			};
			name = Debug;
		};
		04794FEA1D604F83003A6770 /* Release */ = {
			isa = XCBuildConfiguration;
			buildSettings = {
				ASSETCATALOG_COMPILER_APPICON_NAME = AppIcon;
				INFOPLIST_FILE = CuteView/Info.plist;
				LD_RUNPATH_SEARCH_PATHS = "$(inherited) @executable_path/Frameworks";
				PRODUCT_BUNDLE_IDENTIFIER = ST.CuteView;
				PRODUCT_NAME = "$(TARGET_NAME)";
			};
			name = Release;
		};
/* End XCBuildConfiguration section */

/* Begin XCConfigurationList section */
		04794FCC1D604F83003A6770 /* Build configuration list for PBXProject "CuteView" */ = {
			isa = XCConfigurationList;
			buildConfigurations = (
				04794FE61D604F83003A6770 /* Debug */,
				04794FE71D604F83003A6770 /* Release */,
			);
			defaultConfigurationIsVisible = 0;
			defaultConfigurationName = Release;
		};
		04794FE81D604F83003A6770 /* Build configuration list for PBXNativeTarget "CuteView" */ = {
			isa = XCConfigurationList;
			buildConfigurations = (
				04794FE91D604F83003A6770 /* Debug */,
				04794FEA1D604F83003A6770 /* Release */,
			);
			defaultConfigurationIsVisible = 0;
		};
/* End XCConfigurationList section */
	};
	rootObject = 04794FC91D604F83003A6770 /* Project object */;
}
