// !$*UTF8*$!
{
	archiveVersion = 1;
	classes = {
	};
	objectVersion = 46;
	objects = {

/* Begin PBXBuildFile section */
		04BE92861D5EB09800211606 /* main.m in Sources */ = {isa = PBXBuildFile; fileRef = 04BE92851D5EB09800211606 /* main.m */; };
		04BE92891D5EB09800211606 /* AppDelegate.m in Sources */ = {isa = PBXBuildFile; fileRef = 04BE92881D5EB09800211606 /* AppDelegate.m */; };
		04BE928C1D5EB09800211606 /* ViewController.m in Sources */ = {isa = PBXBuildFile; fileRef = 04BE928B1D5EB09800211606 /* ViewController.m */; };
		04BE928F1D5EB09800211606 /* Main.storyboard in Resources */ = {isa = PBXBuildFile; fileRef = 04BE928D1D5EB09800211606 /* Main.storyboard */; };
		04BE92911D5EB09800211606 /* Assets.xcassets in Resources */ = {isa = PBXBuildFile; fileRef = 04BE92901D5EB09800211606 /* Assets.xcassets */; };
		04BE92941D5EB09800211606 /* LaunchScreen.storyboard in Resources */ = {isa = PBXBuildFile; fileRef = 04BE92921D5EB09800211606 /* LaunchScreen.storyboard */; };
		04BE929D1D5EB38400211606 /* DemoCell.m in Sources */ = {isa = PBXBuildFile; fileRef = 04BE929C1D5EB38400211606 /* DemoCell.m */; };
		04BE92A21D5EBB4B00211606 /* SpringLayerAnimation.m in Sources */ = {isa = PBXBuildFile; fileRef = 04BE92A11D5EBB4B00211606 /* SpringLayerAnimation.m */; };
		04BE92A61D5ECC2D00211606 /* Line.m in Sources */ = {isa = PBXBuildFile; fileRef = 04BE92A51D5ECC2D00211606 /* Line.m */; };
		04BE92AB1D5EE94F00211606 /* Indicator.m in Sources */ = {isa = PBXBuildFile; fileRef = 04BE92AA1D5EE94F00211606 /* Indicator.m */; };
		04BE92AF1D5EEA1200211606 /* GooeyCircle.m in Sources */ = {isa = PBXBuildFile; fileRef = 04BE92AE1D5EEA1200211606 /* GooeyCircle.m */; };
		04BE92B31D5EEA6600211606 /* RotateRect.m in Sources */ = {isa = PBXBuildFile; fileRef = 04BE92B21D5EEA6600211606 /* RotateRect.m */; };
		04BE92B61D5EEB4600211606 /* AnimatedPageControl.m in Sources */ = {isa = PBXBuildFile; fileRef = 04BE92B51D5EEB4600211606 /* AnimatedPageControl.m */; };
/* End PBXBuildFile section */

/* Begin PBXFileReference section */
		04BE92811D5EB09800211606 /* animatedPageControl.app */ = {isa = PBXFileReference; explicitFileType = wrapper.application; includeInIndex = 0; path = animatedPageControl.app; sourceTree = BUILT_PRODUCTS_DIR; };
		04BE92851D5EB09800211606 /* main.m */ = {isa = PBXFileReference; lastKnownFileType = sourcecode.c.objc; path = main.m; sourceTree = "<group>"; };
		04BE92871D5EB09800211606 /* AppDelegate.h */ = {isa = PBXFileReference; lastKnownFileType = sourcecode.c.h; path = AppDelegate.h; sourceTree = "<group>"; };
		04BE92881D5EB09800211606 /* AppDelegate.m */ = {isa = PBXFileReference; lastKnownFileType = sourcecode.c.objc; path = AppDelegate.m; sourceTree = "<group>"; };
		04BE928A1D5EB09800211606 /* ViewController.h */ = {isa = PBXFileReference; lastKnownFileType = sourcecode.c.h; path = ViewController.h; sourceTree = "<group>"; };
		04BE928B1D5EB09800211606 /* ViewController.m */ = {isa = PBXFileReference; lastKnownFileType = sourcecode.c.objc; path = ViewController.m; sourceTree = "<group>"; };
		04BE928E1D5EB09800211606 /* Base */ = {isa = PBXFileReference; lastKnownFileType = file.storyboard; name = Base; path = Base.lproj/Main.storyboard; sourceTree = "<group>"; };
		04BE92901D5EB09800211606 /* Assets.xcassets */ = {isa = PBXFileReference; lastKnownFileType = folder.assetcatalog; path = Assets.xcassets; sourceTree = "<group>"; };
		04BE92931D5EB09800211606 /* Base */ = {isa = PBXFileReference; lastKnownFileType = file.storyboard; name = Base; path = Base.lproj/LaunchScreen.storyboard; sourceTree = "<group>"; };
		04BE92951D5EB09800211606 /* Info.plist */ = {isa = PBXFileReference; lastKnownFileType = text.plist.xml; path = Info.plist; sourceTree = "<group>"; };
		04BE929B1D5EB38400211606 /* DemoCell.h */ = {isa = PBXFileReference; fileEncoding = 4; lastKnownFileType = sourcecode.c.h; path = DemoCell.h; sourceTree = "<group>"; };
		04BE929C1D5EB38400211606 /* DemoCell.m */ = {isa = PBXFileReference; fileEncoding = 4; lastKnownFileType = sourcecode.c.objc; path = DemoCell.m; sourceTree = "<group>"; };
		04BE92A01D5EBB4B00211606 /* SpringLayerAnimation.h */ = {isa = PBXFileReference; fileEncoding = 4; lastKnownFileType = sourcecode.c.h; path = SpringLayerAnimation.h; sourceTree = "<group>"; };
		04BE92A11D5EBB4B00211606 /* SpringLayerAnimation.m */ = {isa = PBXFileReference; fileEncoding = 4; lastKnownFileType = sourcecode.c.objc; path = SpringLayerAnimation.m; sourceTree = "<group>"; };
		04BE92A41D5ECC2D00211606 /* Line.h */ = {isa = PBXFileReference; fileEncoding = 4; lastKnownFileType = sourcecode.c.h; path = Line.h; sourceTree = "<group>"; };
		04BE92A51D5ECC2D00211606 /* Line.m */ = {isa = PBXFileReference; fileEncoding = 4; lastKnownFileType = sourcecode.c.objc; path = Line.m; sourceTree = "<group>"; };
		04BE92A91D5EE94F00211606 /* Indicator.h */ = {isa = PBXFileReference; fileEncoding = 4; lastKnownFileType = sourcecode.c.h; path = Indicator.h; sourceTree = "<group>"; };
		04BE92AA1D5EE94F00211606 /* Indicator.m */ = {isa = PBXFileReference; fileEncoding = 4; lastKnownFileType = sourcecode.c.objc; path = Indicator.m; sourceTree = "<group>"; };
		04BE92AD1D5EEA1200211606 /* GooeyCircle.h */ = {isa = PBXFileReference; fileEncoding = 4; lastKnownFileType = sourcecode.c.h; path = GooeyCircle.h; sourceTree = "<group>"; };
		04BE92AE1D5EEA1200211606 /* GooeyCircle.m */ = {isa = PBXFileReference; fileEncoding = 4; lastKnownFileType = sourcecode.c.objc; path = GooeyCircle.m; sourceTree = "<group>"; };
		04BE92B11D5EEA6600211606 /* RotateRect.h */ = {isa = PBXFileReference; fileEncoding = 4; lastKnownFileType = sourcecode.c.h; path = RotateRect.h; sourceTree = "<group>"; };
		04BE92B21D5EEA6600211606 /* RotateRect.m */ = {isa = PBXFileReference; fileEncoding = 4; lastKnownFileType = sourcecode.c.objc; path = RotateRect.m; sourceTree = "<group>"; };
		04BE92B41D5EEB4600211606 /* AnimatedPageControl.h */ = {isa = PBXFileReference; fileEncoding = 4; lastKnownFileType = sourcecode.c.h; path = AnimatedPageControl.h; sourceTree = "<group>"; };
		04BE92B51D5EEB4600211606 /* AnimatedPageControl.m */ = {isa = PBXFileReference; fileEncoding = 4; lastKnownFileType = sourcecode.c.objc; path = AnimatedPageControl.m; sourceTree = "<group>"; };
/* End PBXFileReference section */

/* Begin PBXFrameworksBuildPhase section */
		04BE927E1D5EB09800211606 /* Frameworks */ = {
			isa = PBXFrameworksBuildPhase;
			buildActionMask = 2147483647;
			files = (
			);
			runOnlyForDeploymentPostprocessing = 0;
		};
/* End PBXFrameworksBuildPhase section */

/* Begin PBXGroup section */
		04BE92781D5EB09800211606 = {
			isa = PBXGroup;
			children = (
				04BE92831D5EB09800211606 /* animatedPageControl */,
				04BE92821D5EB09800211606 /* Products */,
			);
			sourceTree = "<group>";
		};
		04BE92821D5EB09800211606 /* Products */ = {
			isa = PBXGroup;
			children = (
				04BE92811D5EB09800211606 /* animatedPageControl.app */,
			);
			name = Products;
			sourceTree = "<group>";
		};
		04BE92831D5EB09800211606 /* animatedPageControl */ = {
			isa = PBXGroup;
			children = (
				04BE929E1D5EBA4F00211606 /* _animatedPageControl */,
				04BE929B1D5EB38400211606 /* DemoCell.h */,
				04BE929C1D5EB38400211606 /* DemoCell.m */,
				04BE92871D5EB09800211606 /* AppDelegate.h */,
				04BE92881D5EB09800211606 /* AppDelegate.m */,
				04BE928A1D5EB09800211606 /* ViewController.h */,
				04BE928B1D5EB09800211606 /* ViewController.m */,
				04BE928D1D5EB09800211606 /* Main.storyboard */,
				04BE92901D5EB09800211606 /* Assets.xcassets */,
				04BE92921D5EB09800211606 /* LaunchScreen.storyboard */,
				04BE92951D5EB09800211606 /* Info.plist */,
				04BE92841D5EB09800211606 /* Supporting Files */,
			);
			path = animatedPageControl;
			sourceTree = "<group>";
		};
		04BE92841D5EB09800211606 /* Supporting Files */ = {
			isa = PBXGroup;
			children = (
				04BE92851D5EB09800211606 /* main.m */,
			);
			name = "Supporting Files";
			sourceTree = "<group>";
		};
		04BE929E1D5EBA4F00211606 /* _animatedPageControl */ = {
			isa = PBXGroup;
			children = (
				04BE92A71D5EE8FD00211606 /* IndicatorStyle */,
				04BE92A31D5ECB3A00211606 /* Line */,
				04BE929F1D5EBB0800211606 /* SpringAnimation */,
				04BE92B41D5EEB4600211606 /* AnimatedPageControl.h */,
				04BE92B51D5EEB4600211606 /* AnimatedPageControl.m */,
			);
			path = _animatedPageControl;
			sourceTree = "<group>";
		};
		04BE929F1D5EBB0800211606 /* SpringAnimation */ = {
			isa = PBXGroup;
			children = (
				04BE92A01D5EBB4B00211606 /* SpringLayerAnimation.h */,
				04BE92A11D5EBB4B00211606 /* SpringLayerAnimation.m */,
			);
			path = SpringAnimation;
			sourceTree = "<group>";
		};
		04BE92A31D5ECB3A00211606 /* Line */ = {
			isa = PBXGroup;
			children = (
				04BE92A41D5ECC2D00211606 /* Line.h */,
				04BE92A51D5ECC2D00211606 /* Line.m */,
			);
			path = Line;
			sourceTree = "<group>";
		};
		04BE92A71D5EE8FD00211606 /* IndicatorStyle */ = {
			isa = PBXGroup;
			children = (
				04BE92B01D5EEA5000211606 /* RotateRect */,
				04BE92AC1D5EEA0600211606 /* GooeyCircle */,
				04BE92A81D5EE93700211606 /* Indicator */,
			);
			path = IndicatorStyle;
			sourceTree = "<group>";
		};
		04BE92A81D5EE93700211606 /* Indicator */ = {
			isa = PBXGroup;
			children = (
				04BE92A91D5EE94F00211606 /* Indicator.h */,
				04BE92AA1D5EE94F00211606 /* Indicator.m */,
			);
			name = Indicator;
			sourceTree = "<group>";
		};
		04BE92AC1D5EEA0600211606 /* GooeyCircle */ = {
			isa = PBXGroup;
			children = (
				04BE92AD1D5EEA1200211606 /* GooeyCircle.h */,
				04BE92AE1D5EEA1200211606 /* GooeyCircle.m */,
			);
			name = GooeyCircle;
			sourceTree = "<group>";
		};
		04BE92B01D5EEA5000211606 /* RotateRect */ = {
			isa = PBXGroup;
			children = (
				04BE92B11D5EEA6600211606 /* RotateRect.h */,
				04BE92B21D5EEA6600211606 /* RotateRect.m */,
			);
			name = RotateRect;
			sourceTree = "<group>";
		};
/* End PBXGroup section */

/* Begin PBXNativeTarget section */
		04BE92801D5EB09800211606 /* animatedPageControl */ = {
			isa = PBXNativeTarget;
			buildConfigurationList = 04BE92981D5EB09800211606 /* Build configuration list for PBXNativeTarget "animatedPageControl" */;
			buildPhases = (
				04BE927D1D5EB09800211606 /* Sources */,
				04BE927E1D5EB09800211606 /* Frameworks */,
				04BE927F1D5EB09800211606 /* Resources */,
			);
			buildRules = (
			);
			dependencies = (
			);
			name = animatedPageControl;
			productName = animatedPageControl;
			productReference = 04BE92811D5EB09800211606 /* animatedPageControl.app */;
			productType = "com.apple.product-type.application";
		};
/* End PBXNativeTarget section */

/* Begin PBXProject section */
		04BE92791D5EB09800211606 /* Project object */ = {
			isa = PBXProject;
			attributes = {
				LastUpgradeCheck = 0730;
				ORGANIZATIONNAME = Jack;
				TargetAttributes = {
					04BE92801D5EB09800211606 = {
						CreatedOnToolsVersion = 7.3.1;
					};
				};
			};
			buildConfigurationList = 04BE927C1D5EB09800211606 /* Build configuration list for PBXProject "animatedPageControl" */;
			compatibilityVersion = "Xcode 3.2";
			developmentRegion = English;
			hasScannedForEncodings = 0;
			knownRegions = (
				en,
				Base,
			);
			mainGroup = 04BE92781D5EB09800211606;
			productRefGroup = 04BE92821D5EB09800211606 /* Products */;
			projectDirPath = "";
			projectRoot = "";
			targets = (
				04BE92801D5EB09800211606 /* animatedPageControl */,
			);
		};
/* End PBXProject section */

/* Begin PBXResourcesBuildPhase section */
		04BE927F1D5EB09800211606 /* Resources */ = {
			isa = PBXResourcesBuildPhase;
			buildActionMask = 2147483647;
			files = (
				04BE92941D5EB09800211606 /* LaunchScreen.storyboard in Resources */,
				04BE92911D5EB09800211606 /* Assets.xcassets in Resources */,
				04BE928F1D5EB09800211606 /* Main.storyboard in Resources */,
			);
			runOnlyForDeploymentPostprocessing = 0;
		};
/* End PBXResourcesBuildPhase section */

/* Begin PBXSourcesBuildPhase section */
		04BE927D1D5EB09800211606 /* Sources */ = {
			isa = PBXSourcesBuildPhase;
			buildActionMask = 2147483647;
			files = (
				04BE92AB1D5EE94F00211606 /* Indicator.m in Sources */,
				04BE928C1D5EB09800211606 /* ViewController.m in Sources */,
				04BE92A61D5ECC2D00211606 /* Line.m in Sources */,
				04BE92891D5EB09800211606 /* AppDelegate.m in Sources */,
				04BE92A21D5EBB4B00211606 /* SpringLayerAnimation.m in Sources */,
				04BE92AF1D5EEA1200211606 /* GooeyCircle.m in Sources */,
				04BE929D1D5EB38400211606 /* DemoCell.m in Sources */,
				04BE92B61D5EEB4600211606 /* AnimatedPageControl.m in Sources */,
				04BE92861D5EB09800211606 /* main.m in Sources */,
				04BE92B31D5EEA6600211606 /* RotateRect.m in Sources */,
			);
			runOnlyForDeploymentPostprocessing = 0;
		};
/* End PBXSourcesBuildPhase section */

/* Begin PBXVariantGroup section */
		04BE928D1D5EB09800211606 /* Main.storyboard */ = {
			isa = PBXVariantGroup;
			children = (
				04BE928E1D5EB09800211606 /* Base */,
			);
			name = Main.storyboard;
			sourceTree = "<group>";
		};
		04BE92921D5EB09800211606 /* LaunchScreen.storyboard */ = {
			isa = PBXVariantGroup;
			children = (
				04BE92931D5EB09800211606 /* Base */,
			);
			name = LaunchScreen.storyboard;
			sourceTree = "<group>";
		};
/* End PBXVariantGroup section */

/* Begin XCBuildConfiguration section */
		04BE92961D5EB09800211606 /* Debug */ = {
			isa = XCBuildConfiguration;
			buildSettings = {
				ALWAYS_SEARCH_USER_PATHS = NO;
				CLANG_ANALYZER_NONNULL = YES;
				CLANG_CXX_LANGUAGE_STANDARD = "gnu++0x";
				CLANG_CXX_LIBRARY = "libc++";
				CLANG_ENABLE_MODULES = YES;
				CLANG_ENABLE_OBJC_ARC = YES;
				CLANG_WARN_BOOL_CONVERSION = YES;
				CLANG_WARN_CONSTANT_CONVERSION = YES;
				CLANG_WARN_DIRECT_OBJC_ISA_USAGE = YES_ERROR;
				CLANG_WARN_EMPTY_BODY = YES;
				CLANG_WARN_ENUM_CONVERSION = YES;
				CLANG_WARN_INT_CONVERSION = YES;
				CLANG_WARN_OBJC_ROOT_CLASS = YES_ERROR;
				CLANG_WARN_UNREACHABLE_CODE = YES;
				CLANG_WARN__DUPLICATE_METHOD_MATCH = YES;
				"CODE_SIGN_IDENTITY[sdk=iphoneos*]" = "iPhone Developer";
				COPY_PHASE_STRIP = NO;
				DEBUG_INFORMATION_FORMAT = dwarf;
				ENABLE_STRICT_OBJC_MSGSEND = YES;
				ENABLE_TESTABILITY = YES;
				GCC_C_LANGUAGE_STANDARD = gnu99;
				GCC_DYNAMIC_NO_PIC = NO;
				GCC_NO_COMMON_BLOCKS = YES;
				GCC_OPTIMIZATION_LEVEL = 0;
				GCC_PREPROCESSOR_DEFINITIONS = (
					"DEBUG=1",
					"$(inherited)",
				);
				GCC_WARN_64_TO_32_BIT_CONVERSION = YES;
				GCC_WARN_ABOUT_RETURN_TYPE = YES_ERROR;
				GCC_WARN_UNDECLARED_SELECTOR = YES;
				GCC_WARN_UNINITIALIZED_AUTOS = YES_AGGRESSIVE;
				GCC_WARN_UNUSED_FUNCTION = YES;
				GCC_WARN_UNUSED_VARIABLE = YES;
				IPHONEOS_DEPLOYMENT_TARGET = 9.3;
				MTL_ENABLE_DEBUG_INFO = YES;
				ONLY_ACTIVE_ARCH = YES;
				SDKROOT = iphoneos;
			};
			name = Debug;
		};
		04BE92971D5EB09800211606 /* Release */ = {
			isa = XCBuildConfiguration;
			buildSettings = {
				ALWAYS_SEARCH_USER_PATHS = NO;
				CLANG_ANALYZER_NONNULL = YES;
				CLANG_CXX_LANGUAGE_STANDARD = "gnu++0x";
				CLANG_CXX_LIBRARY = "libc++";
				CLANG_ENABLE_MODULES = YES;
				CLANG_ENABLE_OBJC_ARC = YES;
				CLANG_WARN_BOOL_CONVERSION = YES;
				CLANG_WARN_CONSTANT_CONVERSION = YES;
				CLANG_WARN_DIRECT_OBJC_ISA_USAGE = YES_ERROR;
				CLANG_WARN_EMPTY_BODY = YES;
				CLANG_WARN_ENUM_CONVERSION = YES;
				CLANG_WARN_INT_CONVERSION = YES;
				CLANG_WARN_OBJC_ROOT_CLASS = YES_ERROR;
				CLANG_WARN_UNREACHABLE_CODE = YES;
				CLANG_WARN__DUPLICATE_METHOD_MATCH = YES;
				"CODE_SIGN_IDENTITY[sdk=iphoneos*]" = "iPhone Developer";
				COPY_PHASE_STRIP = NO;
				DEBUG_INFORMATION_FORMAT = "dwarf-with-dsym";
				ENABLE_NS_ASSERTIONS = NO;
				ENABLE_STRICT_OBJC_MSGSEND = YES;
				GCC_C_LANGUAGE_STANDARD = gnu99;
				GCC_NO_COMMON_BLOCKS = YES;
				GCC_WARN_64_TO_32_BIT_CONVERSION = YES;
				GCC_WARN_ABOUT_RETURN_TYPE = YES_ERROR;
				GCC_WARN_UNDECLARED_SELECTOR = YES;
				GCC_WARN_UNINITIALIZED_AUTOS = YES_AGGRESSIVE;
				GCC_WARN_UNUSED_FUNCTION = YES;
				GCC_WARN_UNUSED_VARIABLE = YES;
				IPHONEOS_DEPLOYMENT_TARGET = 9.3;
				MTL_ENABLE_DEBUG_INFO = NO;
				SDKROOT = iphoneos;
				VALIDATE_PRODUCT = YES;
			};
			name = Release;
		};
		04BE92991D5EB09800211606 /* Debug */ = {
			isa = XCBuildConfiguration;
			buildSettings = {
				ASSETCATALOG_COMPILER_APPICON_NAME = AppIcon;
				INFOPLIST_FILE = animatedPageControl/Info.plist;
				LD_RUNPATH_SEARCH_PATHS = "$(inherited) @executable_path/Frameworks";
				PRODUCT_BUNDLE_IDENTIFIER = ST.animatedPageControl;
				PRODUCT_NAME = "$(TARGET_NAME)";
			};
			name = Debug;
		};
		04BE929A1D5EB09800211606 /* Release */ = {
			isa = XCBuildConfiguration;
			buildSettings = {
				ASSETCATALOG_COMPILER_APPICON_NAME = AppIcon;
				INFOPLIST_FILE = animatedPageControl/Info.plist;
				LD_RUNPATH_SEARCH_PATHS = "$(inherited) @executable_path/Frameworks";
				PRODUCT_BUNDLE_IDENTIFIER = ST.animatedPageControl;
				PRODUCT_NAME = "$(TARGET_NAME)";
			};
			name = Release;
		};
/* End XCBuildConfiguration section */

/* Begin XCConfigurationList section */
		04BE927C1D5EB09800211606 /* Build configuration list for PBXProject "animatedPageControl" */ = {
			isa = XCConfigurationList;
			buildConfigurations = (
				04BE92961D5EB09800211606 /* Debug */,
				04BE92971D5EB09800211606 /* Release */,
			);
			defaultConfigurationIsVisible = 0;
			defaultConfigurationName = Release;
		};
		04BE92981D5EB09800211606 /* Build configuration list for PBXNativeTarget "animatedPageControl" */ = {
			isa = XCConfigurationList;
			buildConfigurations = (
				04BE92991D5EB09800211606 /* Debug */,
				04BE929A1D5EB09800211606 /* Release */,
			);
			defaultConfigurationIsVisible = 0;
		};
/* End XCConfigurationList section */
	};
	rootObject = 04BE92791D5EB09800211606 /* Project object */;
}
